
Microsoft Visual Studio Solution File, Format Version 12.00
# Visual Studio 15
VisualStudioVersion = 15.0.28307.136
MinimumVisualStudioVersion = 10.0.40219.1
Project("{FAE04EC0-301F-11D3-BF4B-00C04F79EFBC}") = "ComputerTime", "ComputerTime\ComputerTime.csproj", "{CC0D3057-A2FB-4D50-9445-B2767D06B9DC}"
EndProject
Global
	GlobalSection(SolutionConfigurationPlatforms) = preSolution
		Debug|Any CPU = Debug|Any CPU
		Release|Any CPU = Release|Any CPU
	EndGlobalSection
	GlobalSection(ProjectConfigurationPlatforms) = postSolution
		{CC0D3057-A2FB-4D50-9445-B2767D06B9DC}.Debug|Any CPU.ActiveCfg = Debug|Any CPU
		{CC0D3057-A2FB-4D50-9445-B2767D06B9DC}.Debug|Any CPU.Build.0 = Debug|Any CPU
		{CC0D3057-A2FB-4D50-9445-B2767D06B9DC}.Release|Any CPU.ActiveCfg = Release|Any CPU
		{CC0D3057-A2FB-4D50-9445-B2767D06B9DC}.Release|Any CPU.Build.0 = Release|Any CPU
	EndGlobalSection
	GlobalSection(SolutionProperties) = preSolution
		HideSolutionNode = FALSE
	EndGlobalSection
	GlobalSection(ExtensibilityGlobals) = postSolution
		SolutionGuid = {3DB532F4-E4FE-49B3-8051-84A06B6BF3BE}
	EndGlobalSection
EndGlobal
